{
  "version": 4,
  "terraform_version": "1.5.7",
  "lineage": "00000000-0000-0000-0000-000000000001",
  "serial": 20,
  "resources": [
    {
      "mode": "managed",
      "type": "aws_vpc",
      "name": "main",
      "provider": "provider[\"registry.terraform.io/hashicorp/aws\"]",
      "instances": [
        {
          "attributes": {
            "id": "vpc-0123456789abcdef0",
            "cidr_block": "10.0.0.0/16",
            "region": "us-east-1",
            "tags": {
              "Name": "demo-vpc",
              "Environment": "production",
              "Team": "platform",
              "Owner": "infra"
            }
          }
        }
      ]
    },
    {
      "mode": "managed",
      "type": "aws_subnet",
      "name": "private_a",
      "provider": "provider[\"registry.terraform.io/hashicorp/aws\"]",
      "instances": [
        {
          "attributes": {
            "id": "subnet-0a1b2c3d4e5f6",
            "cidr_block": "10.0.1.0/24",
            "availability_zone": "us-east-1a",
            "vpc_id": "vpc-0123456789abcdef0"
          }
        }
      ]
    },
    {
      "mode": "managed",
      "type": "aws_instance",
      "name": "web_server",
      "provider": "provider[\"registry.terraform.io/hashicorp/aws\"]",
      "instances": [
        {
          "attributes": {
            "id": "i-0abcdef01",
            "instance_type": "t3.medium",
            "ami": "ami-0abcdef1234567890",
            "instance_state": "running",
            "subnet_id": "subnet-0a1b2c3d4e5f6",
            "tags": {
              "Name": "web-server",
              "Environment": "production",
              "Team": "platform",
              "Owner": "app-team",
              "role": "web"
            }
          }
        }
      ]
    },
    {
      "mode": "managed",
      "type": "aws_instance",
      "name": "bastion",
      "provider": "provider[\"registry.terraform.io/hashicorp/aws\"]",
      "instances": [
        {
          "attributes": {
            "id": "i-0bastion02",
            "instance_type": "t2.micro",
            "ami": "ami-0abcdef1234567890",
            "instance_state": "stopped",
            "tags": {
              "Name": "bastion",
              "Environment": "production",
              "Team": "platform",
              "Owner": "infra"
            }
          }
        }
      ]
    },
    {
      "mode": "managed",
      "type": "aws_rds_instance",
      "name": "postgres",
      "provider": "provider[\"registry.terraform.io/hashicorp/aws\"]",
      "instances": [
        {
          "attributes": {
            "id": "db-pg-01",
            "engine": "postgres",
            "engine_version": "15.4",
            "instance_class": "db.t3.medium",
            "allocated_storage": 20,
            "status": "available"
          }
        }
      ]
    },
    {
      "mode": "managed",
      "type": "aws_s3_bucket",
      "name": "assets",
      "provider": "provider[\"registry.terraform.io/hashicorp/aws\"]",
      "instances": [
        {
          "attributes": {
            "id": "terraview-demo-assets",
            "bucket": "terraview-demo-assets",
            "region": "us-east-1"
          }
        }
      ]
    },
    {
      "mode": "managed",
      "type": "aws_iam_role",
      "name": "ec2",
      "provider": "provider[\"registry.terraform.io/hashicorp/aws\"]",
      "instances": [
        {
          "attributes": {
            "id": "ec2-role",
            "name": "ec2-role"
          }
        }
      ]
    },
    {
      "mode": "managed",
      "type": "aws_lambda_function",
      "name": "image_resize",
      "provider": "provider[\"registry.terraform.io/hashicorp/aws\"]",
      "instances": [
        {
          "attributes": {
            "id": "image-resize",
            "function_name": "image-resize",
            "runtime": "nodejs20.x",
            "handler": "index.handler"
          }
        }
      ]
    },
    {
      "mode": "managed",
      "type": "google_compute_network",
      "name": "main",
      "provider": "provider[\"registry.terraform.io/hashicorp/google\"]",
      "instances": [
        {
          "attributes": {
            "id": "projects/demo/global/networks/terraview-demo-vpc",
            "name": "terraview-demo-vpc"
          }
        }
      ]
    },
    {
      "mode": "managed",
      "type": "google_compute_subnetwork",
      "name": "private",
      "provider": "provider[\"registry.terraform.io/hashicorp/google\"]",
      "instances": [
        {
          "attributes": {
            "id": "projects/demo/regions/us-central1/subnetworks/terraview-demo-private",
            "name": "terraview-demo-private",
            "ip_cidr_range": "10.20.0.0/24",
            "region": "us-central1",
            "network": "projects/demo/global/networks/terraview-demo-vpc"
          }
        }
      ],
      "depends_on": [
        "google_compute_network.main"
      ]
    },
    {
      "mode": "managed",
      "type": "google_compute_instance",
      "name": "app",
      "provider": "provider[\"registry.terraform.io/hashicorp/google\"]",
      "instances": [
        {
          "attributes": {
            "id": "projects/demo/zones/us-central1-a/instances/terraview-app",
            "name": "terraview-app",
            "machine_type": "e2-medium",
            "zone": "us-central1-a",
            "status": "RUNNING",
            "labels": {
              "environment": "production",
              "team": "platform",
              "owner": "app-team"
            }
          }
        }
      ],
      "depends_on": [
        "google_compute_subnetwork.private"
      ]
    },
    {
      "mode": "managed",
      "type": "google_storage_bucket",
      "name": "data",
      "provider": "provider[\"registry.terraform.io/hashicorp/google\"]",
      "instances": [
        {
          "attributes": {
            "id": "terraview-demo-data",
            "name": "terraview-demo-data",
            "location": "US"
          }
        }
      ]
    },
    {
      "mode": "managed",
      "type": "google_sql_database_instance",
      "name": "postgres",
      "provider": "provider[\"registry.terraform.io/hashicorp/google\"]",
      "instances": [
        {
          "attributes": {
            "id": "terraview-demo-pg",
            "name": "terraview-demo-pg",
            "database_version": "POSTGRES_15",
            "region": "us-central1"
          }
        }
      ]
    },
    {
      "mode": "managed",
      "type": "google_service_account",
      "name": "runner",
      "provider": "provider[\"registry.terraform.io/hashicorp/google\"]",
      "instances": [
        {
          "attributes": {
            "id": "projects/demo/serviceAccounts/terraview-runner@demo.iam.gserviceaccount.com",
            "email": "terraview-runner@demo.iam.gserviceaccount.com",
            "account_id": "terraview-runner"
          }
        }
      ]
    },
    {
      "mode": "managed",
      "type": "azurerm_resource_group",
      "name": "core",
      "provider": "provider[\"registry.terraform.io/hashicorp/azurerm\"]",
      "instances": [
        {
          "attributes": {
            "id": "/subscriptions/00000000-0000-0000-0000-000000000001/resourceGroups/terraview-demo-rg",
            "name": "terraview-demo-rg",
            "location": "eastus",
            "tags": {
              "Environment": "staging",
              "Team": "platform",
              "Owner": "infra"
            }
          }
        }
      ]
    },
    {
      "mode": "managed",
      "type": "azurerm_virtual_network",
      "name": "main",
      "provider": "provider[\"registry.terraform.io/hashicorp/azurerm\"]",
      "instances": [
        {
          "attributes": {
            "id": "/subscriptions/00000000-0000-0000-0000-000000000001/resourceGroups/terraview-demo-rg/providers/Microsoft.Network/virtualNetworks/terraview-demo-vnet",
            "name": "terraview-demo-vnet",
            "address_space": [
              "10.30.0.0/16"
            ],
            "location": "eastus"
          }
        }
      ],
      "depends_on": [
        "azurerm_resource_group.core"
      ]
    },
    {
      "mode": "managed",
      "type": "azurerm_subnet",
      "name": "app",
      "provider": "provider[\"registry.terraform.io/hashicorp/azurerm\"]",
      "instances": [
        {
          "attributes": {
            "id": "/subscriptions/00000000-0000-0000-0000-000000000001/resourceGroups/terraview-demo-rg/providers/Microsoft.Network/virtualNetworks/terraview-demo-vnet/subnets/app",
            "name": "app",
            "address_prefixes": [
              "10.30.1.0/24"
            ]
          }
        }
      ],
      "depends_on": [
        "azurerm_virtual_network.main"
      ]
    },
    {
      "mode": "managed",
      "type": "azurerm_linux_virtual_machine",
      "name": "web",
      "provider": "provider[\"registry.terraform.io/hashicorp/azurerm\"]",
      "instances": [
        {
          "attributes": {
            "id": "/subscriptions/00000000-0000-0000-0000-000000000001/resourceGroups/terraview-demo-rg/providers/Microsoft.Compute/virtualMachines/terraview-web",
            "name": "terraview-web",
            "location": "eastus",
            "size": "Standard_B1s",
            "power_state": "stopped",
            "tags": {
              "Environment": "staging",
              "Team": "web",
              "Owner": "app-team"
            }
          }
        }
      ],
      "depends_on": [
        "azurerm_subnet.app"
      ]
    },
    {
      "mode": "managed",
      "type": "azurerm_storage_account",
      "name": "logs",
      "provider": "provider[\"registry.terraform.io/hashicorp/azurerm\"]",
      "instances": [
        {
          "attributes": {
            "id": "/subscriptions/00000000-0000-0000-0000-000000000001/resourceGroups/terraview-demo-rg/providers/Microsoft.Storage/storageAccounts/terraviewdemologs",
            "name": "terraviewdemologs",
            "account_tier": "Standard",
            "location": "eastus"
          }
        }
      ],
      "depends_on": [
        "azurerm_resource_group.core"
      ]
    },
    {
      "mode": "managed",
      "type": "azurerm_postgresql_flexible_server",
      "name": "db",
      "provider": "provider[\"registry.terraform.io/hashicorp/azurerm\"]",
      "instances": [
        {
          "attributes": {
            "id": "/subscriptions/00000000-0000-0000-0000-000000000001/resourceGroups/terraview-demo-rg/providers/Microsoft.DBforPostgreSQL/flexibleServers/terraview-demo-pg",
            "name": "terraview-demo-pg",
            "version": "15",
            "location": "eastus",
            "sku_name": "B_Standard_B1ms"
          }
        }
      ],
      "depends_on": [
        "azurerm_resource_group.core"
      ]
    },
    {
      "mode": "managed",
      "type": "kubernetes_namespace",
      "name": "app",
      "provider": "provider[\"registry.terraform.io/hashicorp/kubernetes\"]",
      "instances": [
        {
          "attributes": {
            "id": "terraview-app",
            "name": "terraview-app",
            "labels": {
              "environment": "staging",
              "team": "platform",
              "owner": "app-team"
            }
          }
        }
      ]
    },
    {
      "mode": "managed",
      "type": "kubernetes_deployment",
      "name": "api",
      "provider": "provider[\"registry.terraform.io/hashicorp/kubernetes\"]",
      "instances": [
        {
          "attributes": {
            "id": "terraview-app/api",
            "name": "api",
            "namespace": "terraview-app",
            "replicas": 2
          }
        }
      ],
      "depends_on": [
        "kubernetes_namespace.app"
      ]
    },
    {
      "mode": "managed",
      "type": "kubernetes_service",
      "name": "api",
      "provider": "provider[\"registry.terraform.io/hashicorp/kubernetes\"]",
      "instances": [
        {
          "attributes": {
            "id": "terraview-app/api",
            "name": "api",
            "namespace": "terraview-app",
            "type": "ClusterIP"
          }
        }
      ],
      "depends_on": [
        "kubernetes_deployment.api"
      ]
    },
    {
      "mode": "managed",
      "type": "cloudflare_zone",
      "name": "main",
      "provider": "provider[\"registry.terraform.io/cloudflare/cloudflare\"]",
      "instances": [
        {
          "attributes": {
            "id": "zone-terraview-demo",
            "zone": "terraview-demo.example",
            "status": "active"
          }
        }
      ]
    }
  ]
}
