{
  "version": 4,
  "terraform_version": "1.5.7",
  "serial": 12,
  "lineage": "00000000-0000-0000-0000-000000000001",
  "resources": [
    {
      "mode": "managed",
      "type": "aws_vpc",
      "name": "main",
      "provider": "provider[\"registry.terraform.io/hashicorp/aws\"]",
      "instances": [
        {
          "attributes": {
            "id": "vpc-0123456789abcdef0",
            "cidr_block": "10.0.0.0/16",
            "region": "us-east-1",
            "tags": { "Name": "demo-vpc", "env": "dev" }
          }
        }
      ]
    },
    {
      "mode": "managed",
      "type": "aws_subnet",
      "name": "private_a",
      "provider": "provider[\"registry.terraform.io/hashicorp/aws\"]",
      "instances": [
        {
          "attributes": {
            "id": "subnet-0a1b2c3d4e5f6",
            "cidr_block": "10.0.1.0/24",
            "availability_zone": "us-east-1a"
          }
        }
      ]
    },
    {
      "mode": "managed",
      "type": "aws_instance",
      "name": "web_server",
      "provider": "provider[\"registry.terraform.io/hashicorp/aws\"]",
      "instances": [
        {
          "attributes": {
            "id": "i-0abcdef01",
            "instance_type": "t3.medium",
            "ami": "ami-0abcdef1234567890",
            "instance_state": "running",
            "tags": { "Name": "web-server", "role": "web" }
          }
        }
      ]
    },
    {
      "mode": "managed",
      "type": "aws_instance",
      "name": "bastion",
      "provider": "provider[\"registry.terraform.io/hashicorp/aws\"]",
      "instances": [
        {
          "attributes": {
            "id": "i-0bastion02",
            "instance_type": "t2.micro",
            "ami": "ami-0abcdef1234567890",
            "instance_state": "stopped",
            "tags": { "Name": "bastion" }
          }
        }
      ]
    },
    {
      "mode": "managed",
      "type": "aws_rds_instance",
      "name": "postgres",
      "provider": "provider[\"registry.terraform.io/hashicorp/aws\"]",
      "instances": [
        {
          "attributes": {
            "id": "db-pg-01",
            "engine": "postgres",
            "engine_version": "15.4",
            "instance_class": "db.t3.medium",
            "allocated_storage": 20,
            "status": "available"
          }
        }
      ]
    },
    {
      "mode": "managed",
      "type": "aws_s3_bucket",
      "name": "assets",
      "provider": "provider[\"registry.terraform.io/hashicorp/aws\"]",
      "instances": [
        {
          "attributes": {
            "id": "terraview-demo-assets",
            "bucket": "terraview-demo-assets",
            "region": "us-east-1"
          }
        }
      ]
    },
    {
      "mode": "managed",
      "type": "aws_iam_role",
      "name": "ec2",
      "provider": "provider[\"registry.terraform.io/hashicorp/aws\"]",
      "instances": [
        {
          "attributes": {
            "id": "ec2-role",
            "name": "ec2-role"
          }
        }
      ]
    },
    {
      "mode": "managed",
      "type": "aws_lambda_function",
      "name": "image_resize",
      "provider": "provider[\"registry.terraform.io/hashicorp/aws\"]",
      "instances": [
        {
          "attributes": {
            "id": "image-resize",
            "function_name": "image-resize",
            "runtime": "nodejs20.x",
            "handler": "index.handler"
          }
        }
      ]
    }
  ]
}
